
Microsoft Visual Studio Solution File, Format Version 12.00
# Visual Studio 15
VisualStudioVersion = 15.0.28307.136
MinimumVisualStudioVersion = 10.0.40219.1
Project("{FAE04EC0-301F-11D3-BF4B-00C04F79EFBC}") = "ChoixRestoV2", "ChoixRestoV2\ChoixRestoV2.csproj", "{8554F519-826E-4376-A390-825315957671}"
EndProject
Project("{FAE04EC0-301F-11D3-BF4B-00C04F79EFBC}") = "ChoixRestoV2.Tests", "ChoixRestoV2.Tests\ChoixRestoV2.Tests.csproj", "{6E85E965-51D3-4300-9456-92D19CDE341A}"
EndProject
Global
	GlobalSection(SolutionConfigurationPlatforms) = preSolution
		Debug|Any CPU = Debug|Any CPU
		Release|Any CPU = Release|Any CPU
	EndGlobalSection
	GlobalSection(ProjectConfigurationPlatforms) = postSolution
		{8554F519-826E-4376-A390-825315957671}.Debug|Any CPU.ActiveCfg = Debug|Any CPU
		{8554F519-826E-4376-A390-825315957671}.Debug|Any CPU.Build.0 = Debug|Any CPU
		{8554F519-826E-4376-A390-825315957671}.Release|Any CPU.ActiveCfg = Release|Any CPU
		{8554F519-826E-4376-A390-825315957671}.Release|Any CPU.Build.0 = Release|Any CPU
		{6E85E965-51D3-4300-9456-92D19CDE341A}.Debug|Any CPU.ActiveCfg = Debug|Any CPU
		{6E85E965-51D3-4300-9456-92D19CDE341A}.Debug|Any CPU.Build.0 = Debug|Any CPU
		{6E85E965-51D3-4300-9456-92D19CDE341A}.Release|Any CPU.ActiveCfg = Release|Any CPU
		{6E85E965-51D3-4300-9456-92D19CDE341A}.Release|Any CPU.Build.0 = Release|Any CPU
	EndGlobalSection
	GlobalSection(SolutionProperties) = preSolution
		HideSolutionNode = FALSE
	EndGlobalSection
	GlobalSection(ExtensibilityGlobals) = postSolution
		SolutionGuid = {35D34BC0-C7EF-4A75-B757-F7C4E8D2865D}
	EndGlobalSection
EndGlobal
